<?xml version="1.0" encoding="utf-8"?>
<Project ToolsVersion="4.0" xmlns="http://schemas.microsoft.com/developer/msbuild/2003">
  <ItemGroup>
    <Filter Include="Source Files">
      <UniqueIdentifier>{4FC737F1-C7A5-4376-A066-2A32D752A2FF}</UniqueIdentifier>
      <Extensions>cpp;c;cc;cxx;def;odl;idl;hpj;bat;asm;asmx</Extensions>
    </Filter>
    <Filter Include="Header Files">
      <UniqueIdentifier>{93995380-89BD-4b04-88EB-625FBE52EBFB}</UniqueIdentifier>
      <Extensions>h;hh;hpp;hxx;hm;inl;inc;ipp;xsd</Extensions>
    </Filter>
    <Filter Include="Resource Files">
      <UniqueIdentifier>{67DA6AB6-F800-4c08-8B7A-83BB121AAD01}</UniqueIdentifier>
      <Extensions>rc;ico;cur;bmp;dlg;rc2;rct;bin;rgs;gif;jpg;jpeg;jpe;resx;tiff;tif;png;wav;mfcribbon-ms</Extensions>
    </Filter>
    <Filter Include="Header Files\Dynamic Programming">
      <UniqueIdentifier>{b77c793e-7291-4774-b63a-e0498be323f7}</UniqueIdentifier>
    </Filter>
    <Filter Include="Header Files\Recursion">
      <UniqueIdentifier>{aa77bcfc-1801-4347-a115-ea1bddca8bcf}</UniqueIdentifier>
    </Filter>
  </ItemGroup>
  <ItemGroup>
    <ClInclude Include="pch.h">
      <Filter>Header Files</Filter>
    </ClInclude>
    <ClInclude Include="AddOne.h">
      <Filter>Header Files</Filter>
    </ClInclude>
    <ClInclude Include="AddTwoNumbers.h">
      <Filter>Header Files</Filter>
    </ClInclude>
    <ClInclude Include="BinaryTreeInorderTraversal.h">
      <Filter>Header Files</Filter>
    </ClInclude>
    <ClInclude Include="CheckPermutation.h">
      <Filter>Header Files</Filter>
    </ClInclude>
    <ClInclude Include="CombinationSumII.h">
      <Filter>Header Files</Filter>
    </ClInclude>
    <ClInclude Include="ConstructBinaryTree.h">
      <Filter>Header Files</Filter>
    </ClInclude>
    <ClInclude Include="ContainerWithMostWater.h">
      <Filter>Header Files</Filter>
    </ClInclude>
    <ClInclude Include="CopyListRandomPointer.h">
      <Filter>Header Files</Filter>
    </ClInclude>
    <ClInclude Include="DeleteNodeInLinkedList.h">
      <Filter>Header Files</Filter>
    </ClInclude>
    <ClInclude Include="DesignCache.h">
      <Filter>Header Files</Filter>
    </ClInclude>
    <ClInclude Include="DiagonalTraverse.h">
      <Filter>Header Files</Filter>
    </ClInclude>
    <ClInclude Include="DivideTwoIntegers.h">
      <Filter>Header Files</Filter>
    </ClInclude>
    <ClInclude Include="EvaluateReversePolishNotation.h">
      <Filter>Header Files</Filter>
    </ClInclude>
    <ClInclude Include="ExcelSheetColumnNumber.h">
      <Filter>Header Files</Filter>
    </ClInclude>
    <ClInclude Include="FactorialTrailingZeroes.h">
      <Filter>Header Files</Filter>
    </ClInclude>
    <ClInclude Include="FirstLastElementSortedArray.h">
      <Filter>Header Files</Filter>
    </ClInclude>
    <ClInclude Include="FizzBuzz.h">
      <Filter>Header Files</Filter>
    </ClInclude>
    <ClInclude Include="FlattenBinaryTreeToLinkedList.h">
      <Filter>Header Files</Filter>
    </ClInclude>
    <ClInclude Include="GroupAnagrams.h">
      <Filter>Header Files</Filter>
    </ClInclude>
    <ClInclude Include="HeightReconstruction.h">
      <Filter>Header Files</Filter>
    </ClInclude>
    <ClInclude Include="ImplementStrStr.h">
      <Filter>Header Files</Filter>
    </ClInclude>
    <ClInclude Include="InsertionSortList.h">
      <Filter>Header Files</Filter>
    </ClInclude>
    <ClInclude Include="IntegerToRoman.h">
      <Filter>Header Files</Filter>
    </ClInclude>
    <ClInclude Include="IntersectionLinkedLists.h">
      <Filter>Header Files</Filter>
    </ClInclude>
    <ClInclude Include="InvertBinaryTree.h">
      <Filter>Header Files</Filter>
    </ClInclude>
    <ClInclude Include="IsUnique.h">
      <Filter>Header Files</Filter>
    </ClInclude>
    <ClInclude Include="LargestRectangleInHistogram.h">
      <Filter>Header Files</Filter>
    </ClInclude>
    <ClInclude Include="LeetCodeLinkedListNode.h">
      <Filter>Header Files</Filter>
    </ClInclude>
    <ClInclude Include="LinkedList.h">
      <Filter>Header Files</Filter>
    </ClInclude>
    <ClInclude Include="LinkedListCycle.h">
      <Filter>Header Files</Filter>
    </ClInclude>
    <ClInclude Include="LinkedListNode.h">
      <Filter>Header Files</Filter>
    </ClInclude>
    <ClInclude Include="LongestCommonPrefix.h">
      <Filter>Header Files</Filter>
    </ClInclude>
    <ClInclude Include="LongestIncreasingSubsequence.h">
      <Filter>Header Files</Filter>
    </ClInclude>
    <ClInclude Include="LongestPalindromicSubstring.h">
      <Filter>Header Files</Filter>
    </ClInclude>
    <ClInclude Include="LongestSubarrayNonnegativeIntegers.h">
      <Filter>Header Files</Filter>
    </ClInclude>
    <ClInclude Include="LongestSubstring.h">
      <Filter>Header Files</Filter>
    </ClInclude>
    <ClInclude Include="LRUCache.h">
      <Filter>Header Files</Filter>
    </ClInclude>
    <ClInclude Include="MajorityElement.h">
      <Filter>Header Files</Filter>
    </ClInclude>
    <ClInclude Include="MajorityElementII.h">
      <Filter>Header Files</Filter>
    </ClInclude>
    <ClInclude Include="MaximumDepthBinaryTree.h">
      <Filter>Header Files</Filter>
    </ClInclude>
    <ClInclude Include="MaximumProductSubarray.h">
      <Filter>Header Files</Filter>
    </ClInclude>
    <ClInclude Include="MaximumSizeRectangle.h">
      <Filter>Header Files</Filter>
    </ClInclude>
    <ClInclude Include="MaximumSubarray.h">
      <Filter>Header Files</Filter>
    </ClInclude>
    <ClInclude Include="MedianSortedArrays.h">
      <Filter>Header Files</Filter>
    </ClInclude>
    <ClInclude Include="MergedKSortedLists.h">
      <Filter>Header Files</Filter>
    </ClInclude>
    <ClInclude Include="MergeIntervals.h">
      <Filter>Header Files</Filter>
    </ClInclude>
    <ClInclude Include="MergeSortedArray.h">
      <Filter>Header Files</Filter>
    </ClInclude>
    <ClInclude Include="MergeTwoSortedLists.h">
      <Filter>Header Files</Filter>
    </ClInclude>
    <ClInclude Include="MinimumEditDistance.h">
      <Filter>Header Files</Filter>
    </ClInclude>
    <ClInclude Include="MinStack.h">
      <Filter>Header Files</Filter>
    </ClInclude>
    <ClInclude Include="MoveZeroes.h">
      <Filter>Header Files</Filter>
    </ClInclude>
    <ClInclude Include="MultiplyStrings.h">
      <Filter>Header Files</Filter>
    </ClInclude>
    <ClInclude Include="NextPermutation.h">
      <Filter>Header Files</Filter>
    </ClInclude>
    <ClInclude Include="NumberOfOneBits.h">
      <Filter>Header Files</Filter>
    </ClInclude>
    <ClInclude Include="PalindromeLinkedList.h">
      <Filter>Header Files</Filter>
    </ClInclude>
    <ClInclude Include="PalindromeNumber.h">
      <Filter>Header Files</Filter>
    </ClInclude>
    <ClInclude Include="PalindromePermutation.h">
      <Filter>Header Files</Filter>
    </ClInclude>
    <ClInclude Include="PartitionList.h">
      <Filter>Header Files</Filter>
    </ClInclude>
    <ClInclude Include="PascalsTriangle.h">
      <Filter>Header Files</Filter>
    </ClInclude>
    <ClInclude Include="PascalsTriangleII.h">
      <Filter>Header Files</Filter>
    </ClInclude>
    <ClInclude Include="PathSum.h">
      <Filter>Header Files</Filter>
    </ClInclude>
    <ClInclude Include="PathSumII.h">
      <Filter>Header Files</Filter>
    </ClInclude>
    <ClInclude Include="PopulateNextRightPointers.h">
      <Filter>Header Files</Filter>
    </ClInclude>
    <ClInclude Include="PopulateNextRightPointersII.h">
      <Filter>Header Files</Filter>
    </ClInclude>
    <ClInclude Include="PostorderTraversal.h">
      <Filter>Header Files</Filter>
    </ClInclude>
    <ClInclude Include="PreorderTraversal.h">
      <Filter>Header Files</Filter>
    </ClInclude>
    <ClInclude Include="PrintJSONFormatString.h">
      <Filter>Header Files</Filter>
    </ClInclude>
    <ClInclude Include="ProductOfArrayExceptSelf.h">
      <Filter>Header Files</Filter>
    </ClInclude>
    <ClInclude Include="RegularExpressionMatch.h">
      <Filter>Header Files</Filter>
    </ClInclude>
    <ClInclude Include="RemoveDuplicatesFromSortedArray.h">
      <Filter>Header Files</Filter>
    </ClInclude>
    <ClInclude Include="RemoveDuplicatesFromSortedArrayII.h">
      <Filter>Header Files</Filter>
    </ClInclude>
    <ClInclude Include="RemoveDuplicatesFromSortedList.h">
      <Filter>Header Files</Filter>
    </ClInclude>
    <ClInclude Include="RemoveDuplicatesFromSortedListII.h">
      <Filter>Header Files</Filter>
    </ClInclude>
    <ClInclude Include="RemoveElement.h">
      <Filter>Header Files</Filter>
    </ClInclude>
    <ClInclude Include="RemoveNthFromLastNode.h">
      <Filter>Header Files</Filter>
    </ClInclude>
    <ClInclude Include="ReverseInteger.h">
      <Filter>Header Files</Filter>
    </ClInclude>
    <ClInclude Include="ReverseLinkedList.h">
      <Filter>Header Files</Filter>
    </ClInclude>
    <ClInclude Include="ReverseLinkedListII.h">
      <Filter>Header Files</Filter>
    </ClInclude>
    <ClInclude Include="ReverseNodesInKGroup.h">
      <Filter>Header Files</Filter>
    </ClInclude>
    <ClInclude Include="ReverseString.h">
      <Filter>Header Files</Filter>
    </ClInclude>
    <ClInclude Include="ReverseWordsInString.h">
      <Filter>Header Files</Filter>
    </ClInclude>
    <ClInclude Include="RomanToInteger.h">
      <Filter>Header Files</Filter>
    </ClInclude>
    <ClInclude Include="RotatedSortedArraySearch.h">
      <Filter>Header Files</Filter>
    </ClInclude>
    <ClInclude Include="RotateImage.h">
      <Filter>Header Files</Filter>
    </ClInclude>
    <ClInclude Include="SearchInsertPosition.h">
      <Filter>Header Files</Filter>
    </ClInclude>
    <ClInclude Include="SimplifyPath.h">
      <Filter>Header Files</Filter>
    </ClInclude>
    <ClInclude Include="SingleNumber.h">
      <Filter>Header Files</Filter>
    </ClInclude>
    <ClInclude Include="SortColors.h">
      <Filter>Header Files</Filter>
    </ClInclude>
    <ClInclude Include="SpiralMatrix.h">
      <Filter>Header Files</Filter>
    </ClInclude>
    <ClInclude Include="SquareRoot.h">
      <Filter>Header Files</Filter>
    </ClInclude>
    <ClInclude Include="StringToInteger.h">
      <Filter>Header Files</Filter>
    </ClInclude>
    <ClInclude Include="SumOfTwoIntegers.h">
      <Filter>Header Files</Filter>
    </ClInclude>
    <ClInclude Include="SumRootToLeafNumbers.h">
      <Filter>Header Files</Filter>
    </ClInclude>
    <ClInclude Include="SwapNodesInPairs.h">
      <Filter>Header Files</Filter>
    </ClInclude>
    <ClInclude Include="ThreeSumClosest.h">
      <Filter>Header Files</Filter>
    </ClInclude>
    <ClInclude Include="TopKFrequentElements.h">
      <Filter>Header Files</Filter>
    </ClInclude>
    <ClInclude Include="TreeLinkNode.h">
      <Filter>Header Files</Filter>
    </ClInclude>
    <ClInclude Include="TreeNode.h">
      <Filter>Header Files</Filter>
    </ClInclude>
    <ClInclude Include="TwoSum.h">
      <Filter>Header Files</Filter>
    </ClInclude>
    <ClInclude Include="URLify.h">
      <Filter>Header Files</Filter>
    </ClInclude>
    <ClInclude Include="ValidParentheses.h">
      <Filter>Header Files</Filter>
    </ClInclude>
    <ClInclude Include="WordBreak.h">
      <Filter>Header Files</Filter>
    </ClInclude>
    <ClInclude Include="ZigZagConversion.h">
      <Filter>Header Files</Filter>
    </ClInclude>
    <ClInclude Include="ClimbingStairs.h">
      <Filter>Header Files\Dynamic Programming</Filter>
    </ClInclude>
    <ClInclude Include="UniquePathsII.h">
      <Filter>Header Files\Dynamic Programming</Filter>
    </ClInclude>
    <ClInclude Include="RobotGridPath.h">
      <Filter>Header Files\Dynamic Programming</Filter>
    </ClInclude>
    <ClInclude Include="MagicIndex.h">
      <Filter>Header Files\Recursion</Filter>
    </ClInclude>
    <ClInclude Include="Subsets.h">
      <Filter>Header Files\Recursion</Filter>
    </ClInclude>
    <ClInclude Include="SubsetsII.h">
      <Filter>Header Files\Recursion</Filter>
    </ClInclude>
    <ClInclude Include="TowersOfHanoi.h">
      <Filter>Header Files\Recursion</Filter>
    </ClInclude>
    <ClInclude Include="PermutationsII.h">
      <Filter>Header Files\Recursion</Filter>
    </ClInclude>
    <ClInclude Include="Permutations.h">
      <Filter>Header Files\Recursion</Filter>
    </ClInclude>
    <ClInclude Include="GenerateParentheses.h">
      <Filter>Header Files\Recursion</Filter>
    </ClInclude>
    <ClInclude Include="FloodFill.h">
      <Filter>Header Files\Recursion</Filter>
    </ClInclude>
    <ClInclude Include="Coins.h">
      <Filter>Header Files\Dynamic Programming</Filter>
    </ClInclude>
  </ItemGroup>
  <ItemGroup>
    <ClCompile Include="pch.cpp">
      <Filter>Source Files</Filter>
    </ClCompile>
    <ClCompile Include="TechnicalProblems.cpp">
      <Filter>Source Files</Filter>
    </ClCompile>
  </ItemGroup>
</Project>