<?xml version="1.0" encoding="utf-8"?>
<Project ToolsVersion="4.0" xmlns="http://schemas.microsoft.com/developer/msbuild/2003">
  <ItemGroup>
    <Filter Include="Source Files">
      <UniqueIdentifier>{4FC737F1-C7A5-4376-A066-2A32D752A2FF}</UniqueIdentifier>
      <Extensions>cpp;c;cc;cxx;def;odl;idl;hpj;bat;asm;asmx</Extensions>
    </Filter>
    <Filter Include="Header Files">
      <UniqueIdentifier>{93995380-89BD-4b04-88EB-625FBE52EBFB}</UniqueIdentifier>
      <Extensions>h;hh;hpp;hxx;hm;inl;inc;ipp;xsd</Extensions>
    </Filter>
    <Filter Include="Resource Files">
      <UniqueIdentifier>{67DA6AB6-F800-4c08-8B7A-83BB121AAD01}</UniqueIdentifier>
      <Extensions>rc;ico;cur;bmp;dlg;rc2;rct;bin;rgs;gif;jpg;jpeg;jpe;resx;tiff;tif;png;wav;mfcribbon-ms</Extensions>
    </Filter>
    <Filter Include="Header Files\Arrays and Strings">
      <UniqueIdentifier>{3681e7b1-8580-4762-85d4-06f92362d9a2}</UniqueIdentifier>
    </Filter>
    <Filter Include="Header Files\Linked Lists">
      <UniqueIdentifier>{70354511-06f8-4902-98b8-367ec8e65e87}</UniqueIdentifier>
    </Filter>
    <Filter Include="Resource Files\Notes">
      <UniqueIdentifier>{8d0e4a46-59a6-4ba0-aa99-b36f59a3dda9}</UniqueIdentifier>
    </Filter>
    <Filter Include="Header Files\Numerical Manipulation">
      <UniqueIdentifier>{3a85f277-84fd-4a1d-b250-ae634cdf38a2}</UniqueIdentifier>
    </Filter>
    <Filter Include="Header Files\Stacks and Queues">
      <UniqueIdentifier>{a42687f2-9183-4fe0-a0f1-99458b651149}</UniqueIdentifier>
    </Filter>
    <Filter Include="Header Files\Trees and Graphs">
      <UniqueIdentifier>{4840a269-3414-4af4-ab80-3e6016a2266a}</UniqueIdentifier>
    </Filter>
  </ItemGroup>
  <ItemGroup>
    <ClInclude Include="pch.h">
      <Filter>Header Files</Filter>
    </ClInclude>
    <ClInclude Include="URLify.h">
      <Filter>Header Files\Arrays and Strings</Filter>
    </ClInclude>
    <ClInclude Include="IsUnique.h">
      <Filter>Header Files\Arrays and Strings</Filter>
    </ClInclude>
    <ClInclude Include="CheckPermutation.h">
      <Filter>Header Files\Arrays and Strings</Filter>
    </ClInclude>
    <ClInclude Include="PalindromePermutation.h">
      <Filter>Header Files\Arrays and Strings</Filter>
    </ClInclude>
    <ClInclude Include="LinkedList.h">
      <Filter>Header Files\Linked Lists</Filter>
    </ClInclude>
    <ClInclude Include="LinkedListNode.h">
      <Filter>Header Files\Linked Lists</Filter>
    </ClInclude>
    <ClInclude Include="TwoSum.h">
      <Filter>Header Files\Arrays and Strings</Filter>
    </ClInclude>
    <ClInclude Include="AddTwoNumbers.h">
      <Filter>Header Files\Linked Lists</Filter>
    </ClInclude>
    <ClInclude Include="LongestSubstring.h">
      <Filter>Header Files\Arrays and Strings</Filter>
    </ClInclude>
    <ClInclude Include="MedianSortedArrays.h">
      <Filter>Header Files\Arrays and Strings</Filter>
    </ClInclude>
    <ClInclude Include="ZigZagConversion.h">
      <Filter>Header Files\Arrays and Strings</Filter>
    </ClInclude>
    <ClInclude Include="StringToInteger.h">
      <Filter>Header Files\Arrays and Strings</Filter>
    </ClInclude>
    <ClInclude Include="ReverseInteger.h">
      <Filter>Header Files\Numerical Manipulation</Filter>
    </ClInclude>
    <ClInclude Include="PalindromeNumber.h">
      <Filter>Header Files\Numerical Manipulation</Filter>
    </ClInclude>
    <ClInclude Include="ContainerWithMostWater.h">
      <Filter>Header Files\Arrays and Strings</Filter>
    </ClInclude>
    <ClInclude Include="IntegerToRoman.h">
      <Filter>Header Files\Arrays and Strings</Filter>
    </ClInclude>
    <ClInclude Include="LongestCommonPrefix.h">
      <Filter>Header Files\Arrays and Strings</Filter>
    </ClInclude>
    <ClInclude Include="RemoveNthFromLastNode.h">
      <Filter>Header Files\Linked Lists</Filter>
    </ClInclude>
    <ClInclude Include="MergeTwoSortedLists.h">
      <Filter>Header Files\Linked Lists</Filter>
    </ClInclude>
    <ClInclude Include="GenerateParentheses.h">
      <Filter>Header Files\Arrays and Strings</Filter>
    </ClInclude>
    <ClInclude Include="FirstLastElementSortedArray.h">
      <Filter>Header Files\Arrays and Strings</Filter>
    </ClInclude>
    <ClInclude Include="MergedKSortedLists.h">
      <Filter>Header Files\Linked Lists</Filter>
    </ClInclude>
    <ClInclude Include="LongestIncreasingSubsequence.h">
      <Filter>Header Files</Filter>
    </ClInclude>
    <ClInclude Include="RemoveElement.h">
      <Filter>Header Files\Arrays and Strings</Filter>
    </ClInclude>
    <ClInclude Include="ImplementStrStr.h">
      <Filter>Header Files\Arrays and Strings</Filter>
    </ClInclude>
    <ClInclude Include="DivideTwoIntegers.h">
      <Filter>Header Files\Numerical Manipulation</Filter>
    </ClInclude>
    <ClInclude Include="RomanToInteger.h">
      <Filter>Header Files\Arrays and Strings</Filter>
    </ClInclude>
    <ClInclude Include="LinkedListCycle.h">
      <Filter>Header Files\Linked Lists</Filter>
    </ClInclude>
    <ClInclude Include="SwapNodesInPairs.h">
      <Filter>Header Files\Linked Lists</Filter>
    </ClInclude>
    <ClInclude Include="RemoveDuplicatesFromSortedArray.h">
      <Filter>Header Files\Arrays and Strings</Filter>
    </ClInclude>
    <ClInclude Include="MaximumSubarray.h">
      <Filter>Header Files\Arrays and Strings</Filter>
    </ClInclude>
    <ClInclude Include="SearchInsertPosition.h">
      <Filter>Header Files\Arrays and Strings</Filter>
    </ClInclude>
    <ClInclude Include="NumberOfOneBits.h">
      <Filter>Header Files\Numerical Manipulation</Filter>
    </ClInclude>
    <ClInclude Include="EvaluateReversePolishNotation.h">
      <Filter>Header Files\Arrays and Strings</Filter>
    </ClInclude>
    <ClInclude Include="MinStack.h">
      <Filter>Header Files\Stacks and Queues</Filter>
    </ClInclude>
    <ClInclude Include="PathSum.h">
      <Filter>Header Files\Trees and Graphs</Filter>
    </ClInclude>
    <ClInclude Include="TreeNode.h">
      <Filter>Header Files\Trees and Graphs</Filter>
    </ClInclude>
    <ClInclude Include="PathSumII.h">
      <Filter>Header Files\Trees and Graphs</Filter>
    </ClInclude>
    <ClInclude Include="MajorityElement.h">
      <Filter>Header Files\Arrays and Strings</Filter>
    </ClInclude>
    <ClInclude Include="LongestPalindromicSubstring.h">
      <Filter>Header Files\Arrays and Strings</Filter>
    </ClInclude>
  </ItemGroup>
  <ItemGroup>
    <ClCompile Include="pch.cpp">
      <Filter>Source Files</Filter>
    </ClCompile>
    <ClCompile Include="TechnicalProblems.cpp">
      <Filter>Source Files</Filter>
    </ClCompile>
  </ItemGroup>
  <ItemGroup>
    <Text Include="Arrays and Strings.txt">
      <Filter>Resource Files\Notes</Filter>
    </Text>
    <Text Include="Linked Lists.txt">
      <Filter>Resource Files\Notes</Filter>
    </Text>
    <Text Include="Stacks and Queues.txt">
      <Filter>Resource Files\Notes</Filter>
    </Text>
    <Text Include="Trees and Graphs.txt">
      <Filter>Resource Files\Notes</Filter>
    </Text>
    <Text Include="Bit Manipulation.txt">
      <Filter>Resource Files\Notes</Filter>
    </Text>
    <Text Include="Recursion and Dynamic Programming.txt">
      <Filter>Resource Files\Notes</Filter>
    </Text>
  </ItemGroup>
</Project>